
Microsoft Visual Studio Solution File, Format Version 12.00
# Visual Studio 2013
VisualStudioVersion = 12.0.40629.0
MinimumVisualStudioVersion = 10.0.40219.1
Project("{2150E333-8FDC-42A3-9474-1A3956D46DE8}") = "Solution Items", "Solution Items", "{4DA28E15-60D0-45AD-A0F0-3065C307F1B4}"
	ProjectSection(SolutionItems) = preProject
		README.md = README.md
	EndProjectSection
EndProject
Project("{2150E333-8FDC-42A3-9474-1A3956D46DE8}") = "Bundles", "Bundles", "{CD6689B8-95B9-41EF-A3B1-77000ABE8922}"
	ProjectSection(SolutionItems) = preProject
		Bundles.md = Bundles.md
	EndProjectSection
EndProject
Project("{FAE04EC0-301F-11D3-BF4B-00C04F79EFBC}") = "MIS.Shell", "MIS.Shell\MIS.Shell.csproj", "{2ED13A42-731C-4A36-80E4-44856CD57289}"
EndProject
Project("{2150E333-8FDC-42A3-9474-1A3956D46DE8}") = "Framework", "Framework", "{7FF46468-D6F4-44CF-B109-BA196820B97B}"
EndProject
Project("{2150E333-8FDC-42A3-9474-1A3956D46DE8}") = "ServiceContract", "ServiceContract", "{5A7DD082-A9A6-4102-BC38-31EB986012E8}"
EndProject
Project("{FAE04EC0-301F-11D3-BF4B-00C04F79EFBC}") = "OSGi.NET", "OSGi.NET\OSGi.NET.csproj", "{DDE9E40C-E908-4AA5-850F-9790E8F5FC50}"
EndProject
Project("{FAE04EC0-301F-11D3-BF4B-00C04F79EFBC}") = "MIS.ApplicationService", "Bundles\MIS.ApplicationService\MIS.ApplicationService.csproj", "{09A6CD95-F080-476D-8C19-DBE312D69580}"
EndProject
Project("{FAE04EC0-301F-11D3-BF4B-00C04F79EFBC}") = "MIS.ModuleDesign", "Bundles\MIS.ModuleDesign\MIS.ModuleDesign.csproj", "{4228D156-49AA-443C-9EFD-F43B22A8C97A}"
EndProject
Project("{FAE04EC0-301F-11D3-BF4B-00C04F79EFBC}") = "MIS.ModuleManagement", "Bundles\MIS.ModuleManagement\MIS.ModuleManagement.csproj", "{F3B1AA6F-C46E-48FF-A119-684B6C7A59AC}"
EndProject
Project("{FAE04EC0-301F-11D3-BF4B-00C04F79EFBC}") = "MIS.Workbench", "Bundles\MIS.Workbench\MIS.Workbench.csproj", "{7E089D51-C6BB-4E16-82B2-964DAC8FFA3B}"
EndProject
Project("{FAE04EC0-301F-11D3-BF4B-00C04F79EFBC}") = "MIS.FoundationServiceLayer", "ServiceContract\MIS.ServiceInterfaceLayer\MIS.FoundationServiceLayer.csproj", "{5B067428-940B-4B48-BB63-8FA61F9C52AA}"
EndProject
Project("{FAE04EC0-301F-11D3-BF4B-00C04F79EFBC}") = "MIS.Foundation.Framework", "MIS.Foundation.Framework\MIS.Foundation.Framework.csproj", "{3C1813C4-6CDC-4C62-B12B-473C333A961A}"
EndProject
Project("{FAE04EC0-301F-11D3-BF4B-00C04F79EFBC}") = "MIS.UITest", "MIS.UITest\MIS.UITest.csproj", "{5D327EB2-DC7B-4DAD-BA1C-9F3FB38E6314}"
EndProject
Project("{FAE04EC0-301F-11D3-BF4B-00C04F79EFBC}") = "MIS.ClientUI", "Bundles\MIS.ClientUI\MIS.ClientUI.csproj", "{DF7D43C5-52D8-4779-9668-83E8E5B89817}"
EndProject
Project("{FAE04EC0-301F-11D3-BF4B-00C04F79EFBC}") = "MIS.UI.Framework", "Bundles\MIS.UI.Framework\MIS.UI.Framework.csproj", "{6F9F10A2-1E44-4590-86DC-0DD383D7C69E}"
EndProject
Global
	GlobalSection(SolutionConfigurationPlatforms) = preSolution
		Debug|Any CPU = Debug|Any CPU
		Release|Any CPU = Release|Any CPU
	EndGlobalSection
	GlobalSection(ProjectConfigurationPlatforms) = postSolution
		{2ED13A42-731C-4A36-80E4-44856CD57289}.Debug|Any CPU.ActiveCfg = Debug|Any CPU
		{2ED13A42-731C-4A36-80E4-44856CD57289}.Debug|Any CPU.Build.0 = Debug|Any CPU
		{2ED13A42-731C-4A36-80E4-44856CD57289}.Release|Any CPU.ActiveCfg = Release|Any CPU
		{2ED13A42-731C-4A36-80E4-44856CD57289}.Release|Any CPU.Build.0 = Release|Any CPU
		{DDE9E40C-E908-4AA5-850F-9790E8F5FC50}.Debug|Any CPU.ActiveCfg = Debug|Any CPU
		{DDE9E40C-E908-4AA5-850F-9790E8F5FC50}.Debug|Any CPU.Build.0 = Debug|Any CPU
		{DDE9E40C-E908-4AA5-850F-9790E8F5FC50}.Release|Any CPU.ActiveCfg = Release|Any CPU
		{DDE9E40C-E908-4AA5-850F-9790E8F5FC50}.Release|Any CPU.Build.0 = Release|Any CPU
		{09A6CD95-F080-476D-8C19-DBE312D69580}.Debug|Any CPU.ActiveCfg = Debug|Any CPU
		{09A6CD95-F080-476D-8C19-DBE312D69580}.Debug|Any CPU.Build.0 = Debug|Any CPU
		{09A6CD95-F080-476D-8C19-DBE312D69580}.Release|Any CPU.ActiveCfg = Release|Any CPU
		{09A6CD95-F080-476D-8C19-DBE312D69580}.Release|Any CPU.Build.0 = Release|Any CPU
		{4228D156-49AA-443C-9EFD-F43B22A8C97A}.Debug|Any CPU.ActiveCfg = Debug|Any CPU
		{4228D156-49AA-443C-9EFD-F43B22A8C97A}.Debug|Any CPU.Build.0 = Debug|Any CPU
		{4228D156-49AA-443C-9EFD-F43B22A8C97A}.Release|Any CPU.ActiveCfg = Release|Any CPU
		{4228D156-49AA-443C-9EFD-F43B22A8C97A}.Release|Any CPU.Build.0 = Release|Any CPU
		{F3B1AA6F-C46E-48FF-A119-684B6C7A59AC}.Debug|Any CPU.ActiveCfg = Debug|Any CPU
		{F3B1AA6F-C46E-48FF-A119-684B6C7A59AC}.Debug|Any CPU.Build.0 = Debug|Any CPU
		{F3B1AA6F-C46E-48FF-A119-684B6C7A59AC}.Release|Any CPU.ActiveCfg = Release|Any CPU
		{F3B1AA6F-C46E-48FF-A119-684B6C7A59AC}.Release|Any CPU.Build.0 = Release|Any CPU
		{7E089D51-C6BB-4E16-82B2-964DAC8FFA3B}.Debug|Any CPU.ActiveCfg = Debug|Any CPU
		{7E089D51-C6BB-4E16-82B2-964DAC8FFA3B}.Debug|Any CPU.Build.0 = Debug|Any CPU
		{7E089D51-C6BB-4E16-82B2-964DAC8FFA3B}.Release|Any CPU.ActiveCfg = Release|Any CPU
		{7E089D51-C6BB-4E16-82B2-964DAC8FFA3B}.Release|Any CPU.Build.0 = Release|Any CPU
		{5B067428-940B-4B48-BB63-8FA61F9C52AA}.Debug|Any CPU.ActiveCfg = Debug|Any CPU
		{5B067428-940B-4B48-BB63-8FA61F9C52AA}.Debug|Any CPU.Build.0 = Debug|Any CPU
		{5B067428-940B-4B48-BB63-8FA61F9C52AA}.Release|Any CPU.ActiveCfg = Release|Any CPU
		{5B067428-940B-4B48-BB63-8FA61F9C52AA}.Release|Any CPU.Build.0 = Release|Any CPU
		{3C1813C4-6CDC-4C62-B12B-473C333A961A}.Debug|Any CPU.ActiveCfg = Debug|Any CPU
		{3C1813C4-6CDC-4C62-B12B-473C333A961A}.Debug|Any CPU.Build.0 = Debug|Any CPU
		{3C1813C4-6CDC-4C62-B12B-473C333A961A}.Release|Any CPU.ActiveCfg = Release|Any CPU
		{3C1813C4-6CDC-4C62-B12B-473C333A961A}.Release|Any CPU.Build.0 = Release|Any CPU
		{5D327EB2-DC7B-4DAD-BA1C-9F3FB38E6314}.Debug|Any CPU.ActiveCfg = Debug|Any CPU
		{5D327EB2-DC7B-4DAD-BA1C-9F3FB38E6314}.Debug|Any CPU.Build.0 = Debug|Any CPU
		{5D327EB2-DC7B-4DAD-BA1C-9F3FB38E6314}.Release|Any CPU.ActiveCfg = Release|Any CPU
		{5D327EB2-DC7B-4DAD-BA1C-9F3FB38E6314}.Release|Any CPU.Build.0 = Release|Any CPU
		{DF7D43C5-52D8-4779-9668-83E8E5B89817}.Debug|Any CPU.ActiveCfg = Debug|Any CPU
		{DF7D43C5-52D8-4779-9668-83E8E5B89817}.Debug|Any CPU.Build.0 = Debug|Any CPU
		{DF7D43C5-52D8-4779-9668-83E8E5B89817}.Release|Any CPU.ActiveCfg = Release|Any CPU
		{DF7D43C5-52D8-4779-9668-83E8E5B89817}.Release|Any CPU.Build.0 = Release|Any CPU
		{6F9F10A2-1E44-4590-86DC-0DD383D7C69E}.Debug|Any CPU.ActiveCfg = Debug|Any CPU
		{6F9F10A2-1E44-4590-86DC-0DD383D7C69E}.Debug|Any CPU.Build.0 = Debug|Any CPU
		{6F9F10A2-1E44-4590-86DC-0DD383D7C69E}.Release|Any CPU.ActiveCfg = Release|Any CPU
		{6F9F10A2-1E44-4590-86DC-0DD383D7C69E}.Release|Any CPU.Build.0 = Release|Any CPU
	EndGlobalSection
	GlobalSection(SolutionProperties) = preSolution
		HideSolutionNode = FALSE
	EndGlobalSection
	GlobalSection(NestedProjects) = preSolution
		{DDE9E40C-E908-4AA5-850F-9790E8F5FC50} = {7FF46468-D6F4-44CF-B109-BA196820B97B}
		{09A6CD95-F080-476D-8C19-DBE312D69580} = {CD6689B8-95B9-41EF-A3B1-77000ABE8922}
		{4228D156-49AA-443C-9EFD-F43B22A8C97A} = {CD6689B8-95B9-41EF-A3B1-77000ABE8922}
		{F3B1AA6F-C46E-48FF-A119-684B6C7A59AC} = {CD6689B8-95B9-41EF-A3B1-77000ABE8922}
		{7E089D51-C6BB-4E16-82B2-964DAC8FFA3B} = {CD6689B8-95B9-41EF-A3B1-77000ABE8922}
		{5B067428-940B-4B48-BB63-8FA61F9C52AA} = {5A7DD082-A9A6-4102-BC38-31EB986012E8}
		{3C1813C4-6CDC-4C62-B12B-473C333A961A} = {7FF46468-D6F4-44CF-B109-BA196820B97B}
		{DF7D43C5-52D8-4779-9668-83E8E5B89817} = {CD6689B8-95B9-41EF-A3B1-77000ABE8922}
		{6F9F10A2-1E44-4590-86DC-0DD383D7C69E} = {CD6689B8-95B9-41EF-A3B1-77000ABE8922}
	EndGlobalSection
EndGlobal
